// !$*UTF8*$!
{
	archiveVersion = 1;
	classes = {
	};
	objectVersion = 56;
	objects = {

/* Begin PBXBuildFile section */
		14BB99DD2019C33E0C284964 /* Pods_InstaCloneFirebase.framework in Frameworks */ = {isa = PBXBuildFile; fileRef = 6895B3E870F05E442F609F1D /* Pods_InstaCloneFirebase.framework */; };
		796D5CA628FD517C001C468F /* AppDelegate.swift in Sources */ = {isa = PBXBuildFile; fileRef = 796D5CA528FD517C001C468F /* AppDelegate.swift */; };
		796D5CA828FD517C001C468F /* SceneDelegate.swift in Sources */ = {isa = PBXBuildFile; fileRef = 796D5CA728FD517C001C468F /* SceneDelegate.swift */; };
		796D5CAA28FD517C001C468F /* ViewController.swift in Sources */ = {isa = PBXBuildFile; fileRef = 796D5CA928FD517C001C468F /* ViewController.swift */; };
		796D5CAD28FD517C001C468F /* Main.storyboard in Resources */ = {isa = PBXBuildFile; fileRef = 796D5CAB28FD517C001C468F /* Main.storyboard */; };
		796D5CAF28FD517D001C468F /* Assets.xcassets in Resources */ = {isa = PBXBuildFile; fileRef = 796D5CAE28FD517D001C468F /* Assets.xcassets */; };
		796D5CB228FD517D001C468F /* LaunchScreen.storyboard in Resources */ = {isa = PBXBuildFile; fileRef = 796D5CB028FD517D001C468F /* LaunchScreen.storyboard */; };
		796D5CBD28FD517D001C468F /* InstaCloneFirebaseTests.swift in Sources */ = {isa = PBXBuildFile; fileRef = 796D5CBC28FD517D001C468F /* InstaCloneFirebaseTests.swift */; };
		796D5CC728FD517D001C468F /* InstaCloneFirebaseUITests.swift in Sources */ = {isa = PBXBuildFile; fileRef = 796D5CC628FD517D001C468F /* InstaCloneFirebaseUITests.swift */; };
		796D5CC928FD517D001C468F /* InstaCloneFirebaseUITestsLaunchTests.swift in Sources */ = {isa = PBXBuildFile; fileRef = 796D5CC828FD517D001C468F /* InstaCloneFirebaseUITestsLaunchTests.swift */; };
		796D5CD628FD5655001C468F /* GoogleService-Info.plist in Resources */ = {isa = PBXBuildFile; fileRef = 796D5CD528FD5655001C468F /* GoogleService-Info.plist */; };
		7987DB962907E1CE00932492 /* TableViewCell.swift in Sources */ = {isa = PBXBuildFile; fileRef = 7987DB952907E1CE00932492 /* TableViewCell.swift */; };
		798EFE6E290032F400B74A13 /* FeedViewController.swift in Sources */ = {isa = PBXBuildFile; fileRef = 798EFE6D290032F400B74A13 /* FeedViewController.swift */; };
		798EFE702900330600B74A13 /* UploadViewController.swift in Sources */ = {isa = PBXBuildFile; fileRef = 798EFE6F2900330600B74A13 /* UploadViewController.swift */; };
		798EFE722900331700B74A13 /* SettingsViewController.swift in Sources */ = {isa = PBXBuildFile; fileRef = 798EFE712900331700B74A13 /* SettingsViewController.swift */; };
		818A575ED2C9DF09925ECA89 /* Pods_InstaCloneFirebaseTests.framework in Frameworks */ = {isa = PBXBuildFile; fileRef = 6F18857711F06C6B2010CAFA /* Pods_InstaCloneFirebaseTests.framework */; };
		B9308875024D4FC51ACDC5A8 /* Pods_InstaCloneFirebase_InstaCloneFirebaseUITests.framework in Frameworks */ = {isa = PBXBuildFile; fileRef = 6D1BC6332416A80FA3C15D3E /* Pods_InstaCloneFirebase_InstaCloneFirebaseUITests.framework */; };
/* End PBXBuildFile section */

/* Begin PBXContainerItemProxy section */
		796D5CB928FD517D001C468F /* PBXContainerItemProxy */ = {
			isa = PBXContainerItemProxy;
			containerPortal = 796D5C9A28FD517C001C468F /* Project object */;
			proxyType = 1;
			remoteGlobalIDString = 796D5CA128FD517C001C468F;
			remoteInfo = InstaCloneFirebase;
		};
		796D5CC328FD517D001C468F /* PBXContainerItemProxy */ = {
			isa = PBXContainerItemProxy;
			containerPortal = 796D5C9A28FD517C001C468F /* Project object */;
			proxyType = 1;
			remoteGlobalIDString = 796D5CA128FD517C001C468F;
			remoteInfo = InstaCloneFirebase;
		};
/* End PBXContainerItemProxy section */

/* Begin PBXFileReference section */
		21CE36E91C544E7431581154 /* Pods-InstaCloneFirebase.debug.xcconfig */ = {isa = PBXFileReference; includeInIndex = 1; lastKnownFileType = text.xcconfig; name = "Pods-InstaCloneFirebase.debug.xcconfig"; path = "Target Support Files/Pods-InstaCloneFirebase/Pods-InstaCloneFirebase.debug.xcconfig"; sourceTree = "<group>"; };
		32EF215C44754C4576F02B0F /* Pods-InstaCloneFirebase.release.xcconfig */ = {isa = PBXFileReference; includeInIndex = 1; lastKnownFileType = text.xcconfig; name = "Pods-InstaCloneFirebase.release.xcconfig"; path = "Target Support Files/Pods-InstaCloneFirebase/Pods-InstaCloneFirebase.release.xcconfig"; sourceTree = "<group>"; };
		3F5D662240CA86E315E732E7 /* Pods-InstaCloneFirebaseTests.release.xcconfig */ = {isa = PBXFileReference; includeInIndex = 1; lastKnownFileType = text.xcconfig; name = "Pods-InstaCloneFirebaseTests.release.xcconfig"; path = "Target Support Files/Pods-InstaCloneFirebaseTests/Pods-InstaCloneFirebaseTests.release.xcconfig"; sourceTree = "<group>"; };
		6895B3E870F05E442F609F1D /* Pods_InstaCloneFirebase.framework */ = {isa = PBXFileReference; explicitFileType = wrapper.framework; includeInIndex = 0; path = Pods_InstaCloneFirebase.framework; sourceTree = BUILT_PRODUCTS_DIR; };
		6BB394838E4818E342F054A6 /* Pods-InstaCloneFirebaseTests.debug.xcconfig */ = {isa = PBXFileReference; includeInIndex = 1; lastKnownFileType = text.xcconfig; name = "Pods-InstaCloneFirebaseTests.debug.xcconfig"; path = "Target Support Files/Pods-InstaCloneFirebaseTests/Pods-InstaCloneFirebaseTests.debug.xcconfig"; sourceTree = "<group>"; };
		6D1BC6332416A80FA3C15D3E /* Pods_InstaCloneFirebase_InstaCloneFirebaseUITests.framework */ = {isa = PBXFileReference; explicitFileType = wrapper.framework; includeInIndex = 0; path = Pods_InstaCloneFirebase_InstaCloneFirebaseUITests.framework; sourceTree = BUILT_PRODUCTS_DIR; };
		6F18857711F06C6B2010CAFA /* Pods_InstaCloneFirebaseTests.framework */ = {isa = PBXFileReference; explicitFileType = wrapper.framework; includeInIndex = 0; path = Pods_InstaCloneFirebaseTests.framework; sourceTree = BUILT_PRODUCTS_DIR; };
		796D5CA228FD517C001C468F /* InstaCloneFirebase.app */ = {isa = PBXFileReference; explicitFileType = wrapper.application; includeInIndex = 0; path = InstaCloneFirebase.app; sourceTree = BUILT_PRODUCTS_DIR; };
		796D5CA528FD517C001C468F /* AppDelegate.swift */ = {isa = PBXFileReference; lastKnownFileType = sourcecode.swift; path = AppDelegate.swift; sourceTree = "<group>"; };
		796D5CA728FD517C001C468F /* SceneDelegate.swift */ = {isa = PBXFileReference; lastKnownFileType = sourcecode.swift; path = SceneDelegate.swift; sourceTree = "<group>"; };
		796D5CA928FD517C001C468F /* ViewController.swift */ = {isa = PBXFileReference; lastKnownFileType = sourcecode.swift; path = ViewController.swift; sourceTree = "<group>"; };
		796D5CAC28FD517C001C468F /* Base */ = {isa = PBXFileReference; lastKnownFileType = file.storyboard; name = Base; path = Base.lproj/Main.storyboard; sourceTree = "<group>"; };
		796D5CAE28FD517D001C468F /* Assets.xcassets */ = {isa = PBXFileReference; lastKnownFileType = folder.assetcatalog; path = Assets.xcassets; sourceTree = "<group>"; };
		796D5CB128FD517D001C468F /* Base */ = {isa = PBXFileReference; lastKnownFileType = file.storyboard; name = Base; path = Base.lproj/LaunchScreen.storyboard; sourceTree = "<group>"; };
		796D5CB328FD517D001C468F /* Info.plist */ = {isa = PBXFileReference; lastKnownFileType = text.plist.xml; path = Info.plist; sourceTree = "<group>"; };
		796D5CB828FD517D001C468F /* InstaCloneFirebaseTests.xctest */ = {isa = PBXFileReference; explicitFileType = wrapper.cfbundle; includeInIndex = 0; path = InstaCloneFirebaseTests.xctest; sourceTree = BUILT_PRODUCTS_DIR; };
		796D5CBC28FD517D001C468F /* InstaCloneFirebaseTests.swift */ = {isa = PBXFileReference; lastKnownFileType = sourcecode.swift; path = InstaCloneFirebaseTests.swift; sourceTree = "<group>"; };
		796D5CC228FD517D001C468F /* InstaCloneFirebaseUITests.xctest */ = {isa = PBXFileReference; explicitFileType = wrapper.cfbundle; includeInIndex = 0; path = InstaCloneFirebaseUITests.xctest; sourceTree = BUILT_PRODUCTS_DIR; };
		796D5CC628FD517D001C468F /* InstaCloneFirebaseUITests.swift */ = {isa = PBXFileReference; lastKnownFileType = sourcecode.swift; path = InstaCloneFirebaseUITests.swift; sourceTree = "<group>"; };
		796D5CC828FD517D001C468F /* InstaCloneFirebaseUITestsLaunchTests.swift */ = {isa = PBXFileReference; lastKnownFileType = sourcecode.swift; path = InstaCloneFirebaseUITestsLaunchTests.swift; sourceTree = "<group>"; };
		796D5CD528FD5655001C468F /* GoogleService-Info.plist */ = {isa = PBXFileReference; fileEncoding = 4; lastKnownFileType = text.plist.xml; path = "GoogleService-Info.plist"; sourceTree = "<group>"; };
		7987DB952907E1CE00932492 /* TableViewCell.swift */ = {isa = PBXFileReference; lastKnownFileType = sourcecode.swift; path = TableViewCell.swift; sourceTree = "<group>"; };
		798EFE6D290032F400B74A13 /* FeedViewController.swift */ = {isa = PBXFileReference; lastKnownFileType = sourcecode.swift; path = FeedViewController.swift; sourceTree = "<group>"; };
		798EFE6F2900330600B74A13 /* UploadViewController.swift */ = {isa = PBXFileReference; lastKnownFileType = sourcecode.swift; path = UploadViewController.swift; sourceTree = "<group>"; };
		798EFE712900331700B74A13 /* SettingsViewController.swift */ = {isa = PBXFileReference; lastKnownFileType = sourcecode.swift; path = SettingsViewController.swift; sourceTree = "<group>"; };
		86E39FBCB407AD98FE54825D /* Pods-InstaCloneFirebase-InstaCloneFirebaseUITests.debug.xcconfig */ = {isa = PBXFileReference; includeInIndex = 1; lastKnownFileType = text.xcconfig; name = "Pods-InstaCloneFirebase-InstaCloneFirebaseUITests.debug.xcconfig"; path = "Target Support Files/Pods-InstaCloneFirebase-InstaCloneFirebaseUITests/Pods-InstaCloneFirebase-InstaCloneFirebaseUITests.debug.xcconfig"; sourceTree = "<group>"; };
		F610E3EDB7D3BB85F81D1FCD /* Pods-InstaCloneFirebase-InstaCloneFirebaseUITests.release.xcconfig */ = {isa = PBXFileReference; includeInIndex = 1; lastKnownFileType = text.xcconfig; name = "Pods-InstaCloneFirebase-InstaCloneFirebaseUITests.release.xcconfig"; path = "Target Support Files/Pods-InstaCloneFirebase-InstaCloneFirebaseUITests/Pods-InstaCloneFirebase-InstaCloneFirebaseUITests.release.xcconfig"; sourceTree = "<group>"; };
/* End PBXFileReference section */

/* Begin PBXFrameworksBuildPhase section */
		796D5C9F28FD517C001C468F /* Frameworks */ = {
			isa = PBXFrameworksBuildPhase;
			buildActionMask = 2147483647;
			files = (
				14BB99DD2019C33E0C284964 /* Pods_InstaCloneFirebase.framework in Frameworks */,
			);
			runOnlyForDeploymentPostprocessing = 0;
		};
		796D5CB528FD517D001C468F /* Frameworks */ = {
			isa = PBXFrameworksBuildPhase;
			buildActionMask = 2147483647;
			files = (
				818A575ED2C9DF09925ECA89 /* Pods_InstaCloneFirebaseTests.framework in Frameworks */,
			);
			runOnlyForDeploymentPostprocessing = 0;
		};
		796D5CBF28FD517D001C468F /* Frameworks */ = {
			isa = PBXFrameworksBuildPhase;
			buildActionMask = 2147483647;
			files = (
				B9308875024D4FC51ACDC5A8 /* Pods_InstaCloneFirebase_InstaCloneFirebaseUITests.framework in Frameworks */,
			);
			runOnlyForDeploymentPostprocessing = 0;
		};
/* End PBXFrameworksBuildPhase section */

/* Begin PBXGroup section */
		2A2FC059F860A30650E6E78C /* Frameworks */ = {
			isa = PBXGroup;
			children = (
				6895B3E870F05E442F609F1D /* Pods_InstaCloneFirebase.framework */,
				6D1BC6332416A80FA3C15D3E /* Pods_InstaCloneFirebase_InstaCloneFirebaseUITests.framework */,
				6F18857711F06C6B2010CAFA /* Pods_InstaCloneFirebaseTests.framework */,
			);
			name = Frameworks;
			sourceTree = "<group>";
		};
		796D5C9928FD517C001C468F = {
			isa = PBXGroup;
			children = (
				796D5CA428FD517C001C468F /* InstaCloneFirebase */,
				796D5CBB28FD517D001C468F /* InstaCloneFirebaseTests */,
				796D5CC528FD517D001C468F /* InstaCloneFirebaseUITests */,
				796D5CA328FD517C001C468F /* Products */,
				CC5EBD262B2B489ABC11C45D /* Pods */,
				2A2FC059F860A30650E6E78C /* Frameworks */,
			);
			sourceTree = "<group>";
		};
		796D5CA328FD517C001C468F /* Products */ = {
			isa = PBXGroup;
			children = (
				796D5CA228FD517C001C468F /* InstaCloneFirebase.app */,
				796D5CB828FD517D001C468F /* InstaCloneFirebaseTests.xctest */,
				796D5CC228FD517D001C468F /* InstaCloneFirebaseUITests.xctest */,
			);
			name = Products;
			sourceTree = "<group>";
		};
		796D5CA428FD517C001C468F /* InstaCloneFirebase */ = {
			isa = PBXGroup;
			children = (
				796D5CA528FD517C001C468F /* AppDelegate.swift */,
				796D5CA728FD517C001C468F /* SceneDelegate.swift */,
				796D5CA928FD517C001C468F /* ViewController.swift */,
				798EFE6D290032F400B74A13 /* FeedViewController.swift */,
				798EFE6F2900330600B74A13 /* UploadViewController.swift */,
				798EFE712900331700B74A13 /* SettingsViewController.swift */,
				7987DB952907E1CE00932492 /* TableViewCell.swift */,
				796D5CAB28FD517C001C468F /* Main.storyboard */,
				796D5CAE28FD517D001C468F /* Assets.xcassets */,
				796D5CB028FD517D001C468F /* LaunchScreen.storyboard */,
				796D5CB328FD517D001C468F /* Info.plist */,
				796D5CD528FD5655001C468F /* GoogleService-Info.plist */,
			);
			path = InstaCloneFirebase;
			sourceTree = "<group>";
		};
		796D5CBB28FD517D001C468F /* InstaCloneFirebaseTests */ = {
			isa = PBXGroup;
			children = (
				796D5CBC28FD517D001C468F /* InstaCloneFirebaseTests.swift */,
			);
			path = InstaCloneFirebaseTests;
			sourceTree = "<group>";
		};
		796D5CC528FD517D001C468F /* InstaCloneFirebaseUITests */ = {
			isa = PBXGroup;
			children = (
				796D5CC628FD517D001C468F /* InstaCloneFirebaseUITests.swift */,
				796D5CC828FD517D001C468F /* InstaCloneFirebaseUITestsLaunchTests.swift */,
			);
			path = InstaCloneFirebaseUITests;
			sourceTree = "<group>";
		};
		CC5EBD262B2B489ABC11C45D /* Pods */ = {
			isa = PBXGroup;
			children = (
				21CE36E91C544E7431581154 /* Pods-InstaCloneFirebase.debug.xcconfig */,
				32EF215C44754C4576F02B0F /* Pods-InstaCloneFirebase.release.xcconfig */,
				86E39FBCB407AD98FE54825D /* Pods-InstaCloneFirebase-InstaCloneFirebaseUITests.debug.xcconfig */,
				F610E3EDB7D3BB85F81D1FCD /* Pods-InstaCloneFirebase-InstaCloneFirebaseUITests.release.xcconfig */,
				6BB394838E4818E342F054A6 /* Pods-InstaCloneFirebaseTests.debug.xcconfig */,
				3F5D662240CA86E315E732E7 /* Pods-InstaCloneFirebaseTests.release.xcconfig */,
			);
			path = Pods;
			sourceTree = "<group>";
		};
/* End PBXGroup section */

/* Begin PBXNativeTarget section */
		796D5CA128FD517C001C468F /* InstaCloneFirebase */ = {
			isa = PBXNativeTarget;
			buildConfigurationList = 796D5CCC28FD517D001C468F /* Build configuration list for PBXNativeTarget "InstaCloneFirebase" */;
			buildPhases = (
				6F3FB2FEE15D8493B59FC3DB /* [CP] Check Pods Manifest.lock */,
				796D5C9E28FD517C001C468F /* Sources */,
				796D5C9F28FD517C001C468F /* Frameworks */,
				796D5CA028FD517C001C468F /* Resources */,
				62DCA39896C869CE6E1D9AAF /* [CP] Embed Pods Frameworks */,
			);
			buildRules = (
			);
			dependencies = (
			);
			name = InstaCloneFirebase;
			productName = InstaCloneFirebase;
			productReference = 796D5CA228FD517C001C468F /* InstaCloneFirebase.app */;
			productType = "com.apple.product-type.application";
		};
		796D5CB728FD517D001C468F /* InstaCloneFirebaseTests */ = {
			isa = PBXNativeTarget;
			buildConfigurationList = 796D5CCF28FD517D001C468F /* Build configuration list for PBXNativeTarget "InstaCloneFirebaseTests" */;
			buildPhases = (
				8CA7898AB79E09F2E9CABA57 /* [CP] Check Pods Manifest.lock */,
				796D5CB428FD517D001C468F /* Sources */,
				796D5CB528FD517D001C468F /* Frameworks */,
				796D5CB628FD517D001C468F /* Resources */,
			);
			buildRules = (
			);
			dependencies = (
				796D5CBA28FD517D001C468F /* PBXTargetDependency */,
			);
			name = InstaCloneFirebaseTests;
			productName = InstaCloneFirebaseTests;
			productReference = 796D5CB828FD517D001C468F /* InstaCloneFirebaseTests.xctest */;
			productType = "com.apple.product-type.bundle.unit-test";
		};
		796D5CC128FD517D001C468F /* InstaCloneFirebaseUITests */ = {
			isa = PBXNativeTarget;
			buildConfigurationList = 796D5CD228FD517D001C468F /* Build configuration list for PBXNativeTarget "InstaCloneFirebaseUITests" */;
			buildPhases = (
				49D43BC947F5DA979DEC8352 /* [CP] Check Pods Manifest.lock */,
				796D5CBE28FD517D001C468F /* Sources */,
				796D5CBF28FD517D001C468F /* Frameworks */,
				796D5CC028FD517D001C468F /* Resources */,
				2AA28155D67B45CC8369F6BE /* [CP] Embed Pods Frameworks */,
			);
			buildRules = (
			);
			dependencies = (
				796D5CC428FD517D001C468F /* PBXTargetDependency */,
			);
			name = InstaCloneFirebaseUITests;
			productName = InstaCloneFirebaseUITests;
			productReference = 796D5CC228FD517D001C468F /* InstaCloneFirebaseUITests.xctest */;
			productType = "com.apple.product-type.bundle.ui-testing";
		};
/* End PBXNativeTarget section */

/* Begin PBXProject section */
		796D5C9A28FD517C001C468F /* Project object */ = {
			isa = PBXProject;
			attributes = {
				BuildIndependentTargetsInParallel = 1;
				LastSwiftUpdateCheck = 1400;
				LastUpgradeCheck = 1400;
				TargetAttributes = {
					796D5CA128FD517C001C468F = {
						CreatedOnToolsVersion = 14.0.1;
					};
					796D5CB728FD517D001C468F = {
						CreatedOnToolsVersion = 14.0.1;
						TestTargetID = 796D5CA128FD517C001C468F;
					};
					796D5CC128FD517D001C468F = {
						CreatedOnToolsVersion = 14.0.1;
						TestTargetID = 796D5CA128FD517C001C468F;
					};
				};
			};
			buildConfigurationList = 796D5C9D28FD517C001C468F /* Build configuration list for PBXProject "InstaCloneFirebase" */;
			compatibilityVersion = "Xcode 14.0";
			developmentRegion = en;
			hasScannedForEncodings = 0;
			knownRegions = (
				en,
				Base,
			);
			mainGroup = 796D5C9928FD517C001C468F;
			productRefGroup = 796D5CA328FD517C001C468F /* Products */;
			projectDirPath = "";
			projectRoot = "";
			targets = (
				796D5CA128FD517C001C468F /* InstaCloneFirebase */,
				796D5CB728FD517D001C468F /* InstaCloneFirebaseTests */,
				796D5CC128FD517D001C468F /* InstaCloneFirebaseUITests */,
			);
		};
/* End PBXProject section */

/* Begin PBXResourcesBuildPhase section */
		796D5CA028FD517C001C468F /* Resources */ = {
			isa = PBXResourcesBuildPhase;
			buildActionMask = 2147483647;
			files = (
				796D5CB228FD517D001C468F /* LaunchScreen.storyboard in Resources */,
				796D5CD628FD5655001C468F /* GoogleService-Info.plist in Resources */,
				796D5CAF28FD517D001C468F /* Assets.xcassets in Resources */,
				796D5CAD28FD517C001C468F /* Main.storyboard in Resources */,
			);
			runOnlyForDeploymentPostprocessing = 0;
		};
		796D5CB628FD517D001C468F /* Resources */ = {
			isa = PBXResourcesBuildPhase;
			buildActionMask = 2147483647;
			files = (
			);
			runOnlyForDeploymentPostprocessing = 0;
		};
		796D5CC028FD517D001C468F /* Resources */ = {
			isa = PBXResourcesBuildPhase;
			buildActionMask = 2147483647;
			files = (
			);
			runOnlyForDeploymentPostprocessing = 0;
		};
/* End PBXResourcesBuildPhase section */

/* Begin PBXShellScriptBuildPhase section */
		2AA28155D67B45CC8369F6BE /* [CP] Embed Pods Frameworks */ = {
			isa = PBXShellScriptBuildPhase;
			buildActionMask = 2147483647;
			files = (
			);
			inputFileListPaths = (
				"${PODS_ROOT}/Target Support Files/Pods-InstaCloneFirebase-InstaCloneFirebaseUITests/Pods-InstaCloneFirebase-InstaCloneFirebaseUITests-frameworks-${CONFIGURATION}-input-files.xcfilelist",
			);
			name = "[CP] Embed Pods Frameworks";
			outputFileListPaths = (
				"${PODS_ROOT}/Target Support Files/Pods-InstaCloneFirebase-InstaCloneFirebaseUITests/Pods-InstaCloneFirebase-InstaCloneFirebaseUITests-frameworks-${CONFIGURATION}-output-files.xcfilelist",
			);
			runOnlyForDeploymentPostprocessing = 0;
			shellPath = /bin/sh;
			shellScript = "\"${PODS_ROOT}/Target Support Files/Pods-InstaCloneFirebase-InstaCloneFirebaseUITests/Pods-InstaCloneFirebase-InstaCloneFirebaseUITests-frameworks.sh\"\n";
			showEnvVarsInLog = 0;
		};
		49D43BC947F5DA979DEC8352 /* [CP] Check Pods Manifest.lock */ = {
			isa = PBXShellScriptBuildPhase;
			buildActionMask = 2147483647;
			files = (
			);
			inputFileListPaths = (
			);
			inputPaths = (
				"${PODS_PODFILE_DIR_PATH}/Podfile.lock",
				"${PODS_ROOT}/Manifest.lock",
			);
			name = "[CP] Check Pods Manifest.lock";
			outputFileListPaths = (
			);
			outputPaths = (
				"$(DERIVED_FILE_DIR)/Pods-InstaCloneFirebase-InstaCloneFirebaseUITests-checkManifestLockResult.txt",
			);
			runOnlyForDeploymentPostprocessing = 0;
			shellPath = /bin/sh;
			shellScript = "diff \"${PODS_PODFILE_DIR_PATH}/Podfile.lock\" \"${PODS_ROOT}/Manifest.lock\" > /dev/null\nif [ $? != 0 ] ; then\n    # print error to STDERR\n    echo \"error: The sandbox is not in sync with the Podfile.lock. Run 'pod install' or update your CocoaPods installation.\" >&2\n    exit 1\nfi\n# This output is used by Xcode 'outputs' to avoid re-running this script phase.\necho \"SUCCESS\" > \"${SCRIPT_OUTPUT_FILE_0}\"\n";
			showEnvVarsInLog = 0;
		};
		62DCA39896C869CE6E1D9AAF /* [CP] Embed Pods Frameworks */ = {
			isa = PBXShellScriptBuildPhase;
			buildActionMask = 2147483647;
			files = (
			);
			inputFileListPaths = (
				"${PODS_ROOT}/Target Support Files/Pods-InstaCloneFirebase/Pods-InstaCloneFirebase-frameworks-${CONFIGURATION}-input-files.xcfilelist",
			);
			name = "[CP] Embed Pods Frameworks";
			outputFileListPaths = (
				"${PODS_ROOT}/Target Support Files/Pods-InstaCloneFirebase/Pods-InstaCloneFirebase-frameworks-${CONFIGURATION}-output-files.xcfilelist",
			);
			runOnlyForDeploymentPostprocessing = 0;
			shellPath = /bin/sh;
			shellScript = "\"${PODS_ROOT}/Target Support Files/Pods-InstaCloneFirebase/Pods-InstaCloneFirebase-frameworks.sh\"\n";
			showEnvVarsInLog = 0;
		};
		6F3FB2FEE15D8493B59FC3DB /* [CP] Check Pods Manifest.lock */ = {
			isa = PBXShellScriptBuildPhase;
			buildActionMask = 2147483647;
			files = (
			);
			inputFileListPaths = (
			);
			inputPaths = (
				"${PODS_PODFILE_DIR_PATH}/Podfile.lock",
				"${PODS_ROOT}/Manifest.lock",
			);
			name = "[CP] Check Pods Manifest.lock";
			outputFileListPaths = (
			);
			outputPaths = (
				"$(DERIVED_FILE_DIR)/Pods-InstaCloneFirebase-checkManifestLockResult.txt",
			);
			runOnlyForDeploymentPostprocessing = 0;
			shellPath = /bin/sh;
			shellScript = "diff \"${PODS_PODFILE_DIR_PATH}/Podfile.lock\" \"${PODS_ROOT}/Manifest.lock\" > /dev/null\nif [ $? != 0 ] ; then\n    # print error to STDERR\n    echo \"error: The sandbox is not in sync with the Podfile.lock. Run 'pod install' or update your CocoaPods installation.\" >&2\n    exit 1\nfi\n# This output is used by Xcode 'outputs' to avoid re-running this script phase.\necho \"SUCCESS\" > \"${SCRIPT_OUTPUT_FILE_0}\"\n";
			showEnvVarsInLog = 0;
		};
		8CA7898AB79E09F2E9CABA57 /* [CP] Check Pods Manifest.lock */ = {
			isa = PBXShellScriptBuildPhase;
			buildActionMask = 2147483647;
			files = (
			);
			inputFileListPaths = (
			);
			inputPaths = (
				"${PODS_PODFILE_DIR_PATH}/Podfile.lock",
				"${PODS_ROOT}/Manifest.lock",
			);
			name = "[CP] Check Pods Manifest.lock";
			outputFileListPaths = (
			);
			outputPaths = (
				"$(DERIVED_FILE_DIR)/Pods-InstaCloneFirebaseTests-checkManifestLockResult.txt",
			);
			runOnlyForDeploymentPostprocessing = 0;
			shellPath = /bin/sh;
			shellScript = "diff \"${PODS_PODFILE_DIR_PATH}/Podfile.lock\" \"${PODS_ROOT}/Manifest.lock\" > /dev/null\nif [ $? != 0 ] ; then\n    # print error to STDERR\n    echo \"error: The sandbox is not in sync with the Podfile.lock. Run 'pod install' or update your CocoaPods installation.\" >&2\n    exit 1\nfi\n# This output is used by Xcode 'outputs' to avoid re-running this script phase.\necho \"SUCCESS\" > \"${SCRIPT_OUTPUT_FILE_0}\"\n";
			showEnvVarsInLog = 0;
		};
/* End PBXShellScriptBuildPhase section */

/* Begin PBXSourcesBuildPhase section */
		796D5C9E28FD517C001C468F /* Sources */ = {
			isa = PBXSourcesBuildPhase;
			buildActionMask = 2147483647;
			files = (
				796D5CAA28FD517C001C468F /* ViewController.swift in Sources */,
				798EFE702900330600B74A13 /* UploadViewController.swift in Sources */,
				796D5CA628FD517C001C468F /* AppDelegate.swift in Sources */,
				798EFE6E290032F400B74A13 /* FeedViewController.swift in Sources */,
				796D5CA828FD517C001C468F /* SceneDelegate.swift in Sources */,
				7987DB962907E1CE00932492 /* TableViewCell.swift in Sources */,
				798EFE722900331700B74A13 /* SettingsViewController.swift in Sources */,
			);
			runOnlyForDeploymentPostprocessing = 0;
		};
		796D5CB428FD517D001C468F /* Sources */ = {
			isa = PBXSourcesBuildPhase;
			buildActionMask = 2147483647;
			files = (
				796D5CBD28FD517D001C468F /* InstaCloneFirebaseTests.swift in Sources */,
			);
			runOnlyForDeploymentPostprocessing = 0;
		};
		796D5CBE28FD517D001C468F /* Sources */ = {
			isa = PBXSourcesBuildPhase;
			buildActionMask = 2147483647;
			files = (
				796D5CC728FD517D001C468F /* InstaCloneFirebaseUITests.swift in Sources */,
				796D5CC928FD517D001C468F /* InstaCloneFirebaseUITestsLaunchTests.swift in Sources */,
			);
			runOnlyForDeploymentPostprocessing = 0;
		};
/* End PBXSourcesBuildPhase section */

/* Begin PBXTargetDependency section */
		796D5CBA28FD517D001C468F /* PBXTargetDependency */ = {
			isa = PBXTargetDependency;
			target = 796D5CA128FD517C001C468F /* InstaCloneFirebase */;
			targetProxy = 796D5CB928FD517D001C468F /* PBXContainerItemProxy */;
		};
		796D5CC428FD517D001C468F /* PBXTargetDependency */ = {
			isa = PBXTargetDependency;
			target = 796D5CA128FD517C001C468F /* InstaCloneFirebase */;
			targetProxy = 796D5CC328FD517D001C468F /* PBXContainerItemProxy */;
		};
/* End PBXTargetDependency section */

/* Begin PBXVariantGroup section */
		796D5CAB28FD517C001C468F /* Main.storyboard */ = {
			isa = PBXVariantGroup;
			children = (
				796D5CAC28FD517C001C468F /* Base */,
			);
			name = Main.storyboard;
			sourceTree = "<group>";
		};
		796D5CB028FD517D001C468F /* LaunchScreen.storyboard */ = {
			isa = PBXVariantGroup;
			children = (
				796D5CB128FD517D001C468F /* Base */,
			);
			name = LaunchScreen.storyboard;
			sourceTree = "<group>";
		};
/* End PBXVariantGroup section */

/* Begin XCBuildConfiguration section */
		796D5CCA28FD517D001C468F /* Debug */ = {
			isa = XCBuildConfiguration;
			buildSettings = {
				ALWAYS_SEARCH_USER_PATHS = NO;
				CLANG_ANALYZER_NONNULL = YES;
				CLANG_ANALYZER_NUMBER_OBJECT_CONVERSION = YES_AGGRESSIVE;
				CLANG_CXX_LANGUAGE_STANDARD = "gnu++20";
				CLANG_ENABLE_MODULES = YES;
				CLANG_ENABLE_OBJC_ARC = YES;
				CLANG_ENABLE_OBJC_WEAK = YES;
				CLANG_WARN_BLOCK_CAPTURE_AUTORELEASING = YES;
				CLANG_WARN_BOOL_CONVERSION = YES;
				CLANG_WARN_COMMA = YES;
				CLANG_WARN_CONSTANT_CONVERSION = YES;
				CLANG_WARN_DEPRECATED_OBJC_IMPLEMENTATIONS = YES;
				CLANG_WARN_DIRECT_OBJC_ISA_USAGE = YES_ERROR;
				CLANG_WARN_DOCUMENTATION_COMMENTS = YES;
				CLANG_WARN_EMPTY_BODY = YES;
				CLANG_WARN_ENUM_CONVERSION = YES;
				CLANG_WARN_INFINITE_RECURSION = YES;
				CLANG_WARN_INT_CONVERSION = YES;
				CLANG_WARN_NON_LITERAL_NULL_CONVERSION = YES;
				CLANG_WARN_OBJC_IMPLICIT_RETAIN_SELF = YES;
				CLANG_WARN_OBJC_LITERAL_CONVERSION = YES;
				CLANG_WARN_OBJC_ROOT_CLASS = YES_ERROR;
				CLANG_WARN_QUOTED_INCLUDE_IN_FRAMEWORK_HEADER = YES;
				CLANG_WARN_RANGE_LOOP_ANALYSIS = YES;
				CLANG_WARN_STRICT_PROTOTYPES = YES;
				CLANG_WARN_SUSPICIOUS_MOVE = YES;
				CLANG_WARN_UNGUARDED_AVAILABILITY = YES_AGGRESSIVE;
				CLANG_WARN_UNREACHABLE_CODE = YES;
				CLANG_WARN__DUPLICATE_METHOD_MATCH = YES;
				COPY_PHASE_STRIP = NO;
				DEBUG_INFORMATION_FORMAT = dwarf;
				ENABLE_STRICT_OBJC_MSGSEND = YES;
				ENABLE_TESTABILITY = YES;
				GCC_C_LANGUAGE_STANDARD = gnu11;
				GCC_DYNAMIC_NO_PIC = NO;
				GCC_NO_COMMON_BLOCKS = YES;
				GCC_OPTIMIZATION_LEVEL = 0;
				GCC_PREPROCESSOR_DEFINITIONS = (
					"DEBUG=1",
					"$(inherited)",
				);
				GCC_WARN_64_TO_32_BIT_CONVERSION = YES;
				GCC_WARN_ABOUT_RETURN_TYPE = YES_ERROR;
				GCC_WARN_UNDECLARED_SELECTOR = YES;
				GCC_WARN_UNINITIALIZED_AUTOS = YES_AGGRESSIVE;
				GCC_WARN_UNUSED_FUNCTION = YES;
				GCC_WARN_UNUSED_VARIABLE = YES;
				IPHONEOS_DEPLOYMENT_TARGET = 16.0;
				MTL_ENABLE_DEBUG_INFO = INCLUDE_SOURCE;
				MTL_FAST_MATH = YES;
				ONLY_ACTIVE_ARCH = YES;
				SDKROOT = iphoneos;
				SWIFT_ACTIVE_COMPILATION_CONDITIONS = DEBUG;
				SWIFT_OPTIMIZATION_LEVEL = "-Onone";
			};
			name = Debug;
		};
		796D5CCB28FD517D001C468F /* Release */ = {
			isa = XCBuildConfiguration;
			buildSettings = {
				ALWAYS_SEARCH_USER_PATHS = NO;
				CLANG_ANALYZER_NONNULL = YES;
				CLANG_ANALYZER_NUMBER_OBJECT_CONVERSION = YES_AGGRESSIVE;
				CLANG_CXX_LANGUAGE_STANDARD = "gnu++20";
				CLANG_ENABLE_MODULES = YES;
				CLANG_ENABLE_OBJC_ARC = YES;
				CLANG_ENABLE_OBJC_WEAK = YES;
				CLANG_WARN_BLOCK_CAPTURE_AUTORELEASING = YES;
				CLANG_WARN_BOOL_CONVERSION = YES;
				CLANG_WARN_COMMA = YES;
				CLANG_WARN_CONSTANT_CONVERSION = YES;
				CLANG_WARN_DEPRECATED_OBJC_IMPLEMENTATIONS = YES;
				CLANG_WARN_DIRECT_OBJC_ISA_USAGE = YES_ERROR;
				CLANG_WARN_DOCUMENTATION_COMMENTS = YES;
				CLANG_WARN_EMPTY_BODY = YES;
				CLANG_WARN_ENUM_CONVERSION = YES;
				CLANG_WARN_INFINITE_RECURSION = YES;
				CLANG_WARN_INT_CONVERSION = YES;
				CLANG_WARN_NON_LITERAL_NULL_CONVERSION = YES;
				CLANG_WARN_OBJC_IMPLICIT_RETAIN_SELF = YES;
				CLANG_WARN_OBJC_LITERAL_CONVERSION = YES;
				CLANG_WARN_OBJC_ROOT_CLASS = YES_ERROR;
				CLANG_WARN_QUOTED_INCLUDE_IN_FRAMEWORK_HEADER = YES;
				CLANG_WARN_RANGE_LOOP_ANALYSIS = YES;
				CLANG_WARN_STRICT_PROTOTYPES = YES;
				CLANG_WARN_SUSPICIOUS_MOVE = YES;
				CLANG_WARN_UNGUARDED_AVAILABILITY = YES_AGGRESSIVE;
				CLANG_WARN_UNREACHABLE_CODE = YES;
				CLANG_WARN__DUPLICATE_METHOD_MATCH = YES;
				COPY_PHASE_STRIP = NO;
				DEBUG_INFORMATION_FORMAT = "dwarf-with-dsym";
				ENABLE_NS_ASSERTIONS = NO;
				ENABLE_STRICT_OBJC_MSGSEND = YES;
				GCC_C_LANGUAGE_STANDARD = gnu11;
				GCC_NO_COMMON_BLOCKS = YES;
				GCC_WARN_64_TO_32_BIT_CONVERSION = YES;
				GCC_WARN_ABOUT_RETURN_TYPE = YES_ERROR;
				GCC_WARN_UNDECLARED_SELECTOR = YES;
				GCC_WARN_UNINITIALIZED_AUTOS = YES_AGGRESSIVE;
				GCC_WARN_UNUSED_FUNCTION = YES;
				GCC_WARN_UNUSED_VARIABLE = YES;
				IPHONEOS_DEPLOYMENT_TARGET = 16.0;
				MTL_ENABLE_DEBUG_INFO = NO;
				MTL_FAST_MATH = YES;
				SDKROOT = iphoneos;
				SWIFT_COMPILATION_MODE = wholemodule;
				SWIFT_OPTIMIZATION_LEVEL = "-O";
				VALIDATE_PRODUCT = YES;
			};
			name = Release;
		};
		796D5CCD28FD517D001C468F /* Debug */ = {
			isa = XCBuildConfiguration;
			baseConfigurationReference = 21CE36E91C544E7431581154 /* Pods-InstaCloneFirebase.debug.xcconfig */;
			buildSettings = {
				ASSETCATALOG_COMPILER_APPICON_NAME = AppIcon;
				ASSETCATALOG_COMPILER_GLOBAL_ACCENT_COLOR_NAME = AccentColor;
				CODE_SIGN_STYLE = Automatic;
				CURRENT_PROJECT_VERSION = 1;
				GENERATE_INFOPLIST_FILE = YES;
				INFOPLIST_FILE = InstaCloneFirebase/Info.plist;
				INFOPLIST_KEY_UIApplicationSupportsIndirectInputEvents = YES;
				INFOPLIST_KEY_UILaunchStoryboardName = LaunchScreen;
				INFOPLIST_KEY_UIMainStoryboardFile = Main;
				INFOPLIST_KEY_UISupportedInterfaceOrientations_iPad = "UIInterfaceOrientationPortrait UIInterfaceOrientationPortraitUpsideDown UIInterfaceOrientationLandscapeLeft UIInterfaceOrientationLandscapeRight";
				INFOPLIST_KEY_UISupportedInterfaceOrientations_iPhone = "UIInterfaceOrientationPortrait UIInterfaceOrientationLandscapeLeft UIInterfaceOrientationLandscapeRight";
				LD_RUNPATH_SEARCH_PATHS = (
					"$(inherited)",
					"@executable_path/Frameworks",
				);
				MARKETING_VERSION = 1.0;
				PRODUCT_BUNDLE_IDENTIFIER = com.Abdulkadircevik.InstaCloneFirebase;
				PRODUCT_NAME = "$(TARGET_NAME)";
				SWIFT_EMIT_LOC_STRINGS = YES;
				SWIFT_VERSION = 5.0;
				TARGETED_DEVICE_FAMILY = "1,2";
			};
			name = Debug;
		};
		796D5CCE28FD517D001C468F /* Release */ = {
			isa = XCBuildConfiguration;
			baseConfigurationReference = 32EF215C44754C4576F02B0F /* Pods-InstaCloneFirebase.release.xcconfig */;
			buildSettings = {
				ASSETCATALOG_COMPILER_APPICON_NAME = AppIcon;
				ASSETCATALOG_COMPILER_GLOBAL_ACCENT_COLOR_NAME = AccentColor;
				CODE_SIGN_STYLE = Automatic;
				CURRENT_PROJECT_VERSION = 1;
				GENERATE_INFOPLIST_FILE = YES;
				INFOPLIST_FILE = InstaCloneFirebase/Info.plist;
				INFOPLIST_KEY_UIApplicationSupportsIndirectInputEvents = YES;
				INFOPLIST_KEY_UILaunchStoryboardName = LaunchScreen;
				INFOPLIST_KEY_UIMainStoryboardFile = Main;
				INFOPLIST_KEY_UISupportedInterfaceOrientations_iPad = "UIInterfaceOrientationPortrait UIInterfaceOrientationPortraitUpsideDown UIInterfaceOrientationLandscapeLeft UIInterfaceOrientationLandscapeRight";
				INFOPLIST_KEY_UISupportedInterfaceOrientations_iPhone = "UIInterfaceOrientationPortrait UIInterfaceOrientationLandscapeLeft UIInterfaceOrientationLandscapeRight";
				LD_RUNPATH_SEARCH_PATHS = (
					"$(inherited)",
					"@executable_path/Frameworks",
				);
				MARKETING_VERSION = 1.0;
				PRODUCT_BUNDLE_IDENTIFIER = com.Abdulkadircevik.InstaCloneFirebase;
				PRODUCT_NAME = "$(TARGET_NAME)";
				SWIFT_EMIT_LOC_STRINGS = YES;
				SWIFT_VERSION = 5.0;
				TARGETED_DEVICE_FAMILY = "1,2";
			};
			name = Release;
		};
		796D5CD028FD517D001C468F /* Debug */ = {
			isa = XCBuildConfiguration;
			baseConfigurationReference = 6BB394838E4818E342F054A6 /* Pods-InstaCloneFirebaseTests.debug.xcconfig */;
			buildSettings = {
				ALWAYS_EMBED_SWIFT_STANDARD_LIBRARIES = YES;
				BUNDLE_LOADER = "$(TEST_HOST)";
				CODE_SIGN_STYLE = Automatic;
				CURRENT_PROJECT_VERSION = 1;
				GENERATE_INFOPLIST_FILE = YES;
				IPHONEOS_DEPLOYMENT_TARGET = 16.0;
				MARKETING_VERSION = 1.0;
				PRODUCT_BUNDLE_IDENTIFIER = com.Abdulkadircevik.InstaCloneFirebaseTests;
				PRODUCT_NAME = "$(TARGET_NAME)";
				SWIFT_EMIT_LOC_STRINGS = NO;
				SWIFT_VERSION = 5.0;
				TARGETED_DEVICE_FAMILY = "1,2";
				TEST_HOST = "$(BUILT_PRODUCTS_DIR)/InstaCloneFirebase.app/$(BUNDLE_EXECUTABLE_FOLDER_PATH)/InstaCloneFirebase";
			};
			name = Debug;
		};
		796D5CD128FD517D001C468F /* Release */ = {
			isa = XCBuildConfiguration;
			baseConfigurationReference = 3F5D662240CA86E315E732E7 /* Pods-InstaCloneFirebaseTests.release.xcconfig */;
			buildSettings = {
				ALWAYS_EMBED_SWIFT_STANDARD_LIBRARIES = YES;
				BUNDLE_LOADER = "$(TEST_HOST)";
				CODE_SIGN_STYLE = Automatic;
				CURRENT_PROJECT_VERSION = 1;
				GENERATE_INFOPLIST_FILE = YES;
				IPHONEOS_DEPLOYMENT_TARGET = 16.0;
				MARKETING_VERSION = 1.0;
				PRODUCT_BUNDLE_IDENTIFIER = com.Abdulkadircevik.InstaCloneFirebaseTests;
				PRODUCT_NAME = "$(TARGET_NAME)";
				SWIFT_EMIT_LOC_STRINGS = NO;
				SWIFT_VERSION = 5.0;
				TARGETED_DEVICE_FAMILY = "1,2";
				TEST_HOST = "$(BUILT_PRODUCTS_DIR)/InstaCloneFirebase.app/$(BUNDLE_EXECUTABLE_FOLDER_PATH)/InstaCloneFirebase";
			};
			name = Release;
		};
		796D5CD328FD517D001C468F /* Debug */ = {
			isa = XCBuildConfiguration;
			baseConfigurationReference = 86E39FBCB407AD98FE54825D /* Pods-InstaCloneFirebase-InstaCloneFirebaseUITests.debug.xcconfig */;
			buildSettings = {
				ALWAYS_EMBED_SWIFT_STANDARD_LIBRARIES = YES;
				CODE_SIGN_STYLE = Automatic;
				CURRENT_PROJECT_VERSION = 1;
				GENERATE_INFOPLIST_FILE = YES;
				MARKETING_VERSION = 1.0;
				PRODUCT_BUNDLE_IDENTIFIER = com.Abdulkadircevik.InstaCloneFirebaseUITests;
				PRODUCT_NAME = "$(TARGET_NAME)";
				SWIFT_EMIT_LOC_STRINGS = NO;
				SWIFT_VERSION = 5.0;
				TARGETED_DEVICE_FAMILY = "1,2";
				TEST_TARGET_NAME = InstaCloneFirebase;
			};
			name = Debug;
		};
		796D5CD428FD517D001C468F /* Release */ = {
			isa = XCBuildConfiguration;
			baseConfigurationReference = F610E3EDB7D3BB85F81D1FCD /* Pods-InstaCloneFirebase-InstaCloneFirebaseUITests.release.xcconfig */;
			buildSettings = {
				ALWAYS_EMBED_SWIFT_STANDARD_LIBRARIES = YES;
				CODE_SIGN_STYLE = Automatic;
				CURRENT_PROJECT_VERSION = 1;
				GENERATE_INFOPLIST_FILE = YES;
				MARKETING_VERSION = 1.0;
				PRODUCT_BUNDLE_IDENTIFIER = com.Abdulkadircevik.InstaCloneFirebaseUITests;
				PRODUCT_NAME = "$(TARGET_NAME)";
				SWIFT_EMIT_LOC_STRINGS = NO;
				SWIFT_VERSION = 5.0;
				TARGETED_DEVICE_FAMILY = "1,2";
				TEST_TARGET_NAME = InstaCloneFirebase;
			};
			name = Release;
		};
/* End XCBuildConfiguration section */

/* Begin XCConfigurationList section */
		796D5C9D28FD517C001C468F /* Build configuration list for PBXProject "InstaCloneFirebase" */ = {
			isa = XCConfigurationList;
			buildConfigurations = (
				796D5CCA28FD517D001C468F /* Debug */,
				796D5CCB28FD517D001C468F /* Release */,
			);
			defaultConfigurationIsVisible = 0;
			defaultConfigurationName = Release;
		};
		796D5CCC28FD517D001C468F /* Build configuration list for PBXNativeTarget "InstaCloneFirebase" */ = {
			isa = XCConfigurationList;
			buildConfigurations = (
				796D5CCD28FD517D001C468F /* Debug */,
				796D5CCE28FD517D001C468F /* Release */,
			);
			defaultConfigurationIsVisible = 0;
			defaultConfigurationName = Release;
		};
		796D5CCF28FD517D001C468F /* Build configuration list for PBXNativeTarget "InstaCloneFirebaseTests" */ = {
			isa = XCConfigurationList;
			buildConfigurations = (
				796D5CD028FD517D001C468F /* Debug */,
				796D5CD128FD517D001C468F /* Release */,
			);
			defaultConfigurationIsVisible = 0;
			defaultConfigurationName = Release;
		};
		796D5CD228FD517D001C468F /* Build configuration list for PBXNativeTarget "InstaCloneFirebaseUITests" */ = {
			isa = XCConfigurationList;
			buildConfigurations = (
				796D5CD328FD517D001C468F /* Debug */,
				796D5CD428FD517D001C468F /* Release */,
			);
			defaultConfigurationIsVisible = 0;
			defaultConfigurationName = Release;
		};
/* End XCConfigurationList section */
	};
	rootObject = 796D5C9A28FD517C001C468F /* Project object */;
}
